
Microsoft Visual Studio Solution File, Format Version 12.00
# Visual Studio Version 17
VisualStudioVersion = 17.8.34309.116
MinimumVisualStudioVersion = 10.0.40219.1
Project("{FAE04EC0-301F-11D3-BF4B-00C04F79EFBC}") = "sarasavi-books", "sarasavi-books\sarasavi-books.csproj", "{816B5E12-675A-43A6-AE07-DC380E86E986}"
EndProject
Global
	GlobalSection(SolutionConfigurationPlatforms) = preSolution
		Debug|Any CPU = Debug|Any CPU
		Release|Any CPU = Release|Any CPU
	EndGlobalSection
	GlobalSection(ProjectConfigurationPlatforms) = postSolution
		{816B5E12-675A-43A6-AE07-DC380E86E986}.Debug|Any CPU.ActiveCfg = Debug|Any CPU
		{816B5E12-675A-43A6-AE07-DC380E86E986}.Debug|Any CPU.Build.0 = Debug|Any CPU
		{816B5E12-675A-43A6-AE07-DC380E86E986}.Release|Any CPU.ActiveCfg = Release|Any CPU
		{816B5E12-675A-43A6-AE07-DC380E86E986}.Release|Any CPU.Build.0 = Release|Any CPU
	EndGlobalSection
	GlobalSection(SolutionProperties) = preSolution
		HideSolutionNode = FALSE
	EndGlobalSection
	GlobalSection(ExtensibilityGlobals) = postSolution
		SolutionGuid = {94F17834-2F0C-475D-89AF-3DB3E299894E}
	EndGlobalSection
EndGlobal
